
Microsoft Visual Studio Solution File, Format Version 12.00
# Visual Studio Version 17
VisualStudioVersion = 17.1.32228.430
MinimumVisualStudioVersion = 10.0.40219.1
Project("{2150E333-8FDC-42A3-9474-1A3956D46DE8}") = "src", "src", "{BF0A8AED-BD37-4AFC-A743-0C0C64E5C1A1}"
EndProject
Project("{2150E333-8FDC-42A3-9474-1A3956D46DE8}") = "common", "common", "{D9DA7181-1B20-4C6E-BD79-AD60E1536203}"
	ProjectSection(SolutionItems) = preProject
		docker-compose.yml = docker-compose.yml
	EndProjectSection
EndProject
Project("{FAE04EC0-301F-11D3-BF4B-00C04F79EFBC}") = "OrderService.OrderGenerator", "src\OrderService.OrderGenerator\OrderService.OrderGenerator.csproj", "{02856D0F-A7CB-47E8-AC34-8E9FCAC814E8}"
EndProject
Global
	GlobalSection(SolutionConfigurationPlatforms) = preSolution
		Debug|Any CPU = Debug|Any CPU
		Release|Any CPU = Release|Any CPU
	EndGlobalSection
	GlobalSection(ProjectConfigurationPlatforms) = postSolution
		{02856D0F-A7CB-47E8-AC34-8E9FCAC814E8}.Debug|Any CPU.ActiveCfg = Debug|Any CPU
		{02856D0F-A7CB-47E8-AC34-8E9FCAC814E8}.Debug|Any CPU.Build.0 = Debug|Any CPU
		{02856D0F-A7CB-47E8-AC34-8E9FCAC814E8}.Release|Any CPU.ActiveCfg = Release|Any CPU
		{02856D0F-A7CB-47E8-AC34-8E9FCAC814E8}.Release|Any CPU.Build.0 = Release|Any CPU
	EndGlobalSection
	GlobalSection(SolutionProperties) = preSolution
		HideSolutionNode = FALSE
	EndGlobalSection
	GlobalSection(NestedProjects) = preSolution
		{02856D0F-A7CB-47E8-AC34-8E9FCAC814E8} = {BF0A8AED-BD37-4AFC-A743-0C0C64E5C1A1}
	EndGlobalSection
	GlobalSection(ExtensibilityGlobals) = postSolution
		SolutionGuid = {C3B3CF60-3D93-46A3-9607-7E83B637A0BD}
	EndGlobalSection
EndGlobal
